<?xml version="1.0" encoding="UTF-8"?>
<Scheme
   version = "1.3">
   <BuildAction>
      <BuildActionEntries>
         <BuildActionEntry
            buildForRunning = "YES">
            <BuildableReference
               BuildableIdentifier = "primary"
               BlueprintIdentifier = "6CDB9E202592643900736BF9"
               BuildableName = "Xib_simple_screens.app"
               BlueprintName = "Xib_simple_screens"
               ReferencedContainer = "container:Xib_simple_screens.xcodeproj">
            </BuildableReference>
         </BuildActionEntry>
      </BuildActionEntries>
   </BuildAction>
   <LaunchAction
      useCustomWorkingDirectory = "NO"
      buildConfiguration = "Debug"
      allowLocationSimulation = "YES">
      <BuildableProductRunnable>
         <BuildableReference
            BuildableIdentifier = "primary"
            BlueprintIdentifier = "6CDB9E202592643900736BF9"
            BuildableName = "Xib_simple_screens.app"
            BlueprintName = "Xib_simple_screens"
            ReferencedContainer = "container:Xib_simple_screens.xcodeproj">
         </BuildableReference>
      </BuildableProductRunnable>
   </LaunchAction>
</Scheme>
